// !$*UTF8*$!
{
	archiveVersion = 1;
	classes = {
	};
	objectVersion = 46;
	objects = {

/* Begin PBXBuildFile section */
		8A46F30C1E9BBA0800030475 /* AppDelegate.swift in Sources */ = {isa = PBXBuildFile; fileRef = 8A46F30B1E9BBA0800030475 /* AppDelegate.swift */; };
		8A46F30E1E9BBA0800030475 /* ViewController.swift in Sources */ = {isa = PBXBuildFile; fileRef = 8A46F30D1E9BBA0800030475 /* ViewController.swift */; };
		8A46F3111E9BBA0800030475 /* Main.storyboard in Resources */ = {isa = PBXBuildFile; fileRef = 8A46F30F1E9BBA0800030475 /* Main.storyboard */; };
		8A46F3131E9BBA0800030475 /* Assets.xcassets in Resources */ = {isa = PBXBuildFile; fileRef = 8A46F3121E9BBA0800030475 /* Assets.xcassets */; };
		8A46F3161E9BBA0800030475 /* LaunchScreen.storyboard in Resources */ = {isa = PBXBuildFile; fileRef = 8A46F3141E9BBA0800030475 /* LaunchScreen.storyboard */; };
		8A46F3211E9BBA0900030475 /* RBHenshinTests.swift in Sources */ = {isa = PBXBuildFile; fileRef = 8A46F3201E9BBA0900030475 /* RBHenshinTests.swift */; };
		8A46F3311E9BBAF900030475 /* RBDecoder.swift in Sources */ = {isa = PBXBuildFile; fileRef = 8A46F32C1E9BBAF900030475 /* RBDecoder.swift */; };
		8A46F3321E9BBAF900030475 /* RBEncoder.swift in Sources */ = {isa = PBXBuildFile; fileRef = 8A46F32D1E9BBAF900030475 /* RBEncoder.swift */; };
		8A46F3331E9BBAF900030475 /* RBExtensionDictionary.swift in Sources */ = {isa = PBXBuildFile; fileRef = 8A46F32E1E9BBAF900030475 /* RBExtensionDictionary.swift */; };
		8A46F3341E9BBAF900030475 /* RBHenshin.swift in Sources */ = {isa = PBXBuildFile; fileRef = 8A46F32F1E9BBAF900030475 /* RBHenshin.swift */; };
		8A46F3351E9BBAF900030475 /* RBOperators.swift in Sources */ = {isa = PBXBuildFile; fileRef = 8A46F3301E9BBAF900030475 /* RBOperators.swift */; };
		8A46F3391E9BBB3E00030475 /* Car.swift in Sources */ = {isa = PBXBuildFile; fileRef = 8A46F3361E9BBB3E00030475 /* Car.swift */; };
		8A46F33A1E9BBB3E00030475 /* Person.swift in Sources */ = {isa = PBXBuildFile; fileRef = 8A46F3371E9BBB3E00030475 /* Person.swift */; };
		8A46F33B1E9BBB3E00030475 /* Seat.swift in Sources */ = {isa = PBXBuildFile; fileRef = 8A46F3381E9BBB3E00030475 /* Seat.swift */; };
/* End PBXBuildFile section */

/* Begin PBXContainerItemProxy section */
		8A46F31D1E9BBA0900030475 /* PBXContainerItemProxy */ = {
			isa = PBXContainerItemProxy;
			containerPortal = 8A46F3001E9BBA0800030475 /* Project object */;
			proxyType = 1;
			remoteGlobalIDString = 8A46F3071E9BBA0800030475;
			remoteInfo = RBHenshin;
		};
/* End PBXContainerItemProxy section */

/* Begin PBXFileReference section */
		8A46F3081E9BBA0800030475 /* RBHenshin.app */ = {isa = PBXFileReference; explicitFileType = wrapper.application; includeInIndex = 0; path = RBHenshin.app; sourceTree = BUILT_PRODUCTS_DIR; };
		8A46F30B1E9BBA0800030475 /* AppDelegate.swift */ = {isa = PBXFileReference; lastKnownFileType = sourcecode.swift; path = AppDelegate.swift; sourceTree = "<group>"; };
		8A46F30D1E9BBA0800030475 /* ViewController.swift */ = {isa = PBXFileReference; lastKnownFileType = sourcecode.swift; path = ViewController.swift; sourceTree = "<group>"; };
		8A46F3101E9BBA0800030475 /* Base */ = {isa = PBXFileReference; lastKnownFileType = file.storyboard; name = Base; path = Base.lproj/Main.storyboard; sourceTree = "<group>"; };
		8A46F3121E9BBA0800030475 /* Assets.xcassets */ = {isa = PBXFileReference; lastKnownFileType = folder.assetcatalog; path = Assets.xcassets; sourceTree = "<group>"; };
		8A46F3151E9BBA0800030475 /* Base */ = {isa = PBXFileReference; lastKnownFileType = file.storyboard; name = Base; path = Base.lproj/LaunchScreen.storyboard; sourceTree = "<group>"; };
		8A46F3171E9BBA0800030475 /* Info.plist */ = {isa = PBXFileReference; lastKnownFileType = text.plist.xml; path = Info.plist; sourceTree = "<group>"; };
		8A46F31C1E9BBA0900030475 /* RBHenshinTests.xctest */ = {isa = PBXFileReference; explicitFileType = wrapper.cfbundle; includeInIndex = 0; path = RBHenshinTests.xctest; sourceTree = BUILT_PRODUCTS_DIR; };
		8A46F3201E9BBA0900030475 /* RBHenshinTests.swift */ = {isa = PBXFileReference; lastKnownFileType = sourcecode.swift; path = RBHenshinTests.swift; sourceTree = "<group>"; };
		8A46F3221E9BBA0900030475 /* Info.plist */ = {isa = PBXFileReference; lastKnownFileType = text.plist.xml; path = Info.plist; sourceTree = "<group>"; };
		8A46F32C1E9BBAF900030475 /* RBDecoder.swift */ = {isa = PBXFileReference; fileEncoding = 4; lastKnownFileType = sourcecode.swift; path = RBDecoder.swift; sourceTree = "<group>"; };
		8A46F32D1E9BBAF900030475 /* RBEncoder.swift */ = {isa = PBXFileReference; fileEncoding = 4; lastKnownFileType = sourcecode.swift; path = RBEncoder.swift; sourceTree = "<group>"; };
		8A46F32E1E9BBAF900030475 /* RBExtensionDictionary.swift */ = {isa = PBXFileReference; fileEncoding = 4; lastKnownFileType = sourcecode.swift; path = RBExtensionDictionary.swift; sourceTree = "<group>"; };
		8A46F32F1E9BBAF900030475 /* RBHenshin.swift */ = {isa = PBXFileReference; fileEncoding = 4; lastKnownFileType = sourcecode.swift; path = RBHenshin.swift; sourceTree = "<group>"; };
		8A46F3301E9BBAF900030475 /* RBOperators.swift */ = {isa = PBXFileReference; fileEncoding = 4; lastKnownFileType = sourcecode.swift; path = RBOperators.swift; sourceTree = "<group>"; };
		8A46F3361E9BBB3E00030475 /* Car.swift */ = {isa = PBXFileReference; fileEncoding = 4; lastKnownFileType = sourcecode.swift; path = Car.swift; sourceTree = "<group>"; };
		8A46F3371E9BBB3E00030475 /* Person.swift */ = {isa = PBXFileReference; fileEncoding = 4; lastKnownFileType = sourcecode.swift; path = Person.swift; sourceTree = "<group>"; };
		8A46F3381E9BBB3E00030475 /* Seat.swift */ = {isa = PBXFileReference; fileEncoding = 4; lastKnownFileType = sourcecode.swift; path = Seat.swift; sourceTree = "<group>"; };
/* End PBXFileReference section */

/* Begin PBXFrameworksBuildPhase section */
		8A46F3051E9BBA0800030475 /* Frameworks */ = {
			isa = PBXFrameworksBuildPhase;
			buildActionMask = 2147483647;
			files = (
			);
			runOnlyForDeploymentPostprocessing = 0;
		};
		8A46F3191E9BBA0900030475 /* Frameworks */ = {
			isa = PBXFrameworksBuildPhase;
			buildActionMask = 2147483647;
			files = (
			);
			runOnlyForDeploymentPostprocessing = 0;
		};
/* End PBXFrameworksBuildPhase section */

/* Begin PBXGroup section */
		8A46F2FF1E9BBA0800030475 = {
			isa = PBXGroup;
			children = (
				8A46F30A1E9BBA0800030475 /* RBHenshin */,
				8A46F31F1E9BBA0900030475 /* RBHenshinTests */,
				8A46F3091E9BBA0800030475 /* Products */,
			);
			sourceTree = "<group>";
		};
		8A46F3091E9BBA0800030475 /* Products */ = {
			isa = PBXGroup;
			children = (
				8A46F3081E9BBA0800030475 /* RBHenshin.app */,
				8A46F31C1E9BBA0900030475 /* RBHenshinTests.xctest */,
			);
			name = Products;
			sourceTree = "<group>";
		};
		8A46F30A1E9BBA0800030475 /* RBHenshin */ = {
			isa = PBXGroup;
			children = (
				8A46F32B1E9BBAF900030475 /* Source */,
				8A46F3361E9BBB3E00030475 /* Car.swift */,
				8A46F3371E9BBB3E00030475 /* Person.swift */,
				8A46F3381E9BBB3E00030475 /* Seat.swift */,
				8A46F30B1E9BBA0800030475 /* AppDelegate.swift */,
				8A46F30D1E9BBA0800030475 /* ViewController.swift */,
				8A46F30F1E9BBA0800030475 /* Main.storyboard */,
				8A46F3121E9BBA0800030475 /* Assets.xcassets */,
				8A46F3141E9BBA0800030475 /* LaunchScreen.storyboard */,
				8A46F3171E9BBA0800030475 /* Info.plist */,
			);
			path = RBHenshin;
			sourceTree = "<group>";
		};
		8A46F31F1E9BBA0900030475 /* RBHenshinTests */ = {
			isa = PBXGroup;
			children = (
				8A46F3201E9BBA0900030475 /* RBHenshinTests.swift */,
				8A46F3221E9BBA0900030475 /* Info.plist */,
			);
			path = RBHenshinTests;
			sourceTree = "<group>";
		};
		8A46F32B1E9BBAF900030475 /* Source */ = {
			isa = PBXGroup;
			children = (
				8A46F32C1E9BBAF900030475 /* RBDecoder.swift */,
				8A46F32D1E9BBAF900030475 /* RBEncoder.swift */,
				8A46F32E1E9BBAF900030475 /* RBExtensionDictionary.swift */,
				8A46F32F1E9BBAF900030475 /* RBHenshin.swift */,
				8A46F3301E9BBAF900030475 /* RBOperators.swift */,
			);
			path = Source;
			sourceTree = "<group>";
		};
/* End PBXGroup section */

/* Begin PBXNativeTarget section */
		8A46F3071E9BBA0800030475 /* RBHenshin */ = {
			isa = PBXNativeTarget;
			buildConfigurationList = 8A46F3251E9BBA0900030475 /* Build configuration list for PBXNativeTarget "RBHenshin" */;
			buildPhases = (
				8A46F3041E9BBA0800030475 /* Sources */,
				8A46F3051E9BBA0800030475 /* Frameworks */,
				8A46F3061E9BBA0800030475 /* Resources */,
			);
			buildRules = (
			);
			dependencies = (
			);
			name = RBHenshin;
			productName = RBHenshin;
			productReference = 8A46F3081E9BBA0800030475 /* RBHenshin.app */;
			productType = "com.apple.product-type.application";
		};
		8A46F31B1E9BBA0900030475 /* RBHenshinTests */ = {
			isa = PBXNativeTarget;
			buildConfigurationList = 8A46F3281E9BBA0900030475 /* Build configuration list for PBXNativeTarget "RBHenshinTests" */;
			buildPhases = (
				8A46F3181E9BBA0900030475 /* Sources */,
				8A46F3191E9BBA0900030475 /* Frameworks */,
				8A46F31A1E9BBA0900030475 /* Resources */,
			);
			buildRules = (
			);
			dependencies = (
				8A46F31E1E9BBA0900030475 /* PBXTargetDependency */,
			);
			name = RBHenshinTests;
			productName = RBHenshinTests;
			productReference = 8A46F31C1E9BBA0900030475 /* RBHenshinTests.xctest */;
			productType = "com.apple.product-type.bundle.unit-test";
		};
/* End PBXNativeTarget section */

/* Begin PBXProject section */
		8A46F3001E9BBA0800030475 /* Project object */ = {
			isa = PBXProject;
			attributes = {
				LastSwiftUpdateCheck = 0820;
				LastUpgradeCheck = 0820;
				ORGANIZATIONNAME = "夏敏";
				TargetAttributes = {
					8A46F3071E9BBA0800030475 = {
						CreatedOnToolsVersion = 8.2.1;
						DevelopmentTeam = BMP99N9345;
						ProvisioningStyle = Automatic;
					};
					8A46F31B1E9BBA0900030475 = {
						CreatedOnToolsVersion = 8.2.1;
						DevelopmentTeam = BMP99N9345;
						ProvisioningStyle = Automatic;
						TestTargetID = 8A46F3071E9BBA0800030475;
					};
				};
			};
			buildConfigurationList = 8A46F3031E9BBA0800030475 /* Build configuration list for PBXProject "RBHenshin" */;
			compatibilityVersion = "Xcode 3.2";
			developmentRegion = English;
			hasScannedForEncodings = 0;
			knownRegions = (
				en,
				Base,
			);
			mainGroup = 8A46F2FF1E9BBA0800030475;
			productRefGroup = 8A46F3091E9BBA0800030475 /* Products */;
			projectDirPath = "";
			projectRoot = "";
			targets = (
				8A46F3071E9BBA0800030475 /* RBHenshin */,
				8A46F31B1E9BBA0900030475 /* RBHenshinTests */,
			);
		};
/* End PBXProject section */

/* Begin PBXResourcesBuildPhase section */
		8A46F3061E9BBA0800030475 /* Resources */ = {
			isa = PBXResourcesBuildPhase;
			buildActionMask = 2147483647;
			files = (
				8A46F3161E9BBA0800030475 /* LaunchScreen.storyboard in Resources */,
				8A46F3131E9BBA0800030475 /* Assets.xcassets in Resources */,
				8A46F3111E9BBA0800030475 /* Main.storyboard in Resources */,
			);
			runOnlyForDeploymentPostprocessing = 0;
		};
		8A46F31A1E9BBA0900030475 /* Resources */ = {
			isa = PBXResourcesBuildPhase;
			buildActionMask = 2147483647;
			files = (
			);
			runOnlyForDeploymentPostprocessing = 0;
		};
/* End PBXResourcesBuildPhase section */

/* Begin PBXSourcesBuildPhase section */
		8A46F3041E9BBA0800030475 /* Sources */ = {
			isa = PBXSourcesBuildPhase;
			buildActionMask = 2147483647;
			files = (
				8A46F3351E9BBAF900030475 /* RBOperators.swift in Sources */,
				8A46F30E1E9BBA0800030475 /* ViewController.swift in Sources */,
				8A46F3391E9BBB3E00030475 /* Car.swift in Sources */,
				8A46F3341E9BBAF900030475 /* RBHenshin.swift in Sources */,
				8A46F3331E9BBAF900030475 /* RBExtensionDictionary.swift in Sources */,
				8A46F30C1E9BBA0800030475 /* AppDelegate.swift in Sources */,
				8A46F33A1E9BBB3E00030475 /* Person.swift in Sources */,
				8A46F3321E9BBAF900030475 /* RBEncoder.swift in Sources */,
				8A46F33B1E9BBB3E00030475 /* Seat.swift in Sources */,
				8A46F3311E9BBAF900030475 /* RBDecoder.swift in Sources */,
			);
			runOnlyForDeploymentPostprocessing = 0;
		};
		8A46F3181E9BBA0900030475 /* Sources */ = {
			isa = PBXSourcesBuildPhase;
			buildActionMask = 2147483647;
			files = (
				8A46F3211E9BBA0900030475 /* RBHenshinTests.swift in Sources */,
			);
			runOnlyForDeploymentPostprocessing = 0;
		};
/* End PBXSourcesBuildPhase section */

/* Begin PBXTargetDependency section */
		8A46F31E1E9BBA0900030475 /* PBXTargetDependency */ = {
			isa = PBXTargetDependency;
			target = 8A46F3071E9BBA0800030475 /* RBHenshin */;
			targetProxy = 8A46F31D1E9BBA0900030475 /* PBXContainerItemProxy */;
		};
/* End PBXTargetDependency section */

/* Begin PBXVariantGroup section */
		8A46F30F1E9BBA0800030475 /* Main.storyboard */ = {
			isa = PBXVariantGroup;
			children = (
				8A46F3101E9BBA0800030475 /* Base */,
			);
			name = Main.storyboard;
			sourceTree = "<group>";
		};
		8A46F3141E9BBA0800030475 /* LaunchScreen.storyboard */ = {
			isa = PBXVariantGroup;
			children = (
				8A46F3151E9BBA0800030475 /* Base */,
			);
			name = LaunchScreen.storyboard;
			sourceTree = "<group>";
		};
/* End PBXVariantGroup section */

/* Begin XCBuildConfiguration section */
		8A46F3231E9BBA0900030475 /* Debug */ = {
			isa = XCBuildConfiguration;
			buildSettings = {
				ALWAYS_SEARCH_USER_PATHS = NO;
				CLANG_ANALYZER_NONNULL = YES;
				CLANG_CXX_LANGUAGE_STANDARD = "gnu++0x";
				CLANG_CXX_LIBRARY = "libc++";
				CLANG_ENABLE_MODULES = YES;
				CLANG_ENABLE_OBJC_ARC = YES;
				CLANG_WARN_BOOL_CONVERSION = YES;
				CLANG_WARN_CONSTANT_CONVERSION = YES;
				CLANG_WARN_DIRECT_OBJC_ISA_USAGE = YES_ERROR;
				CLANG_WARN_DOCUMENTATION_COMMENTS = YES;
				CLANG_WARN_EMPTY_BODY = YES;
				CLANG_WARN_ENUM_CONVERSION = YES;
				CLANG_WARN_INFINITE_RECURSION = YES;
				CLANG_WARN_INT_CONVERSION = YES;
				CLANG_WARN_OBJC_ROOT_CLASS = YES_ERROR;
				CLANG_WARN_SUSPICIOUS_MOVE = YES;
				CLANG_WARN_UNREACHABLE_CODE = YES;
				CLANG_WARN__DUPLICATE_METHOD_MATCH = YES;
				"CODE_SIGN_IDENTITY[sdk=iphoneos*]" = "iPhone Developer";
				COPY_PHASE_STRIP = NO;
				DEBUG_INFORMATION_FORMAT = dwarf;
				ENABLE_STRICT_OBJC_MSGSEND = YES;
				ENABLE_TESTABILITY = YES;
				GCC_C_LANGUAGE_STANDARD = gnu99;
				GCC_DYNAMIC_NO_PIC = NO;
				GCC_NO_COMMON_BLOCKS = YES;
				GCC_OPTIMIZATION_LEVEL = 0;
				GCC_PREPROCESSOR_DEFINITIONS = (
					"DEBUG=1",
					"$(inherited)",
				);
				GCC_WARN_64_TO_32_BIT_CONVERSION = YES;
				GCC_WARN_ABOUT_RETURN_TYPE = YES_ERROR;
				GCC_WARN_UNDECLARED_SELECTOR = YES;
				GCC_WARN_UNINITIALIZED_AUTOS = YES_AGGRESSIVE;
				GCC_WARN_UNUSED_FUNCTION = YES;
				GCC_WARN_UNUSED_VARIABLE = YES;
				IPHONEOS_DEPLOYMENT_TARGET = 10.2;
				MTL_ENABLE_DEBUG_INFO = YES;
				ONLY_ACTIVE_ARCH = YES;
				SDKROOT = iphoneos;
				SWIFT_ACTIVE_COMPILATION_CONDITIONS = DEBUG;
				SWIFT_OPTIMIZATION_LEVEL = "-Onone";
			};
			name = Debug;
		};
		8A46F3241E9BBA0900030475 /* Release */ = {
			isa = XCBuildConfiguration;
			buildSettings = {
				ALWAYS_SEARCH_USER_PATHS = NO;
				CLANG_ANALYZER_NONNULL = YES;
				CLANG_CXX_LANGUAGE_STANDARD = "gnu++0x";
				CLANG_CXX_LIBRARY = "libc++";
				CLANG_ENABLE_MODULES = YES;
				CLANG_ENABLE_OBJC_ARC = YES;
				CLANG_WARN_BOOL_CONVERSION = YES;
				CLANG_WARN_CONSTANT_CONVERSION = YES;
				CLANG_WARN_DIRECT_OBJC_ISA_USAGE = YES_ERROR;
				CLANG_WARN_DOCUMENTATION_COMMENTS = YES;
				CLANG_WARN_EMPTY_BODY = YES;
				CLANG_WARN_ENUM_CONVERSION = YES;
				CLANG_WARN_INFINITE_RECURSION = YES;
				CLANG_WARN_INT_CONVERSION = YES;
				CLANG_WARN_OBJC_ROOT_CLASS = YES_ERROR;
				CLANG_WARN_SUSPICIOUS_MOVE = YES;
				CLANG_WARN_UNREACHABLE_CODE = YES;
				CLANG_WARN__DUPLICATE_METHOD_MATCH = YES;
				"CODE_SIGN_IDENTITY[sdk=iphoneos*]" = "iPhone Developer";
				COPY_PHASE_STRIP = NO;
				DEBUG_INFORMATION_FORMAT = "dwarf-with-dsym";
				ENABLE_NS_ASSERTIONS = NO;
				ENABLE_STRICT_OBJC_MSGSEND = YES;
				GCC_C_LANGUAGE_STANDARD = gnu99;
				GCC_NO_COMMON_BLOCKS = YES;
				GCC_WARN_64_TO_32_BIT_CONVERSION = YES;
				GCC_WARN_ABOUT_RETURN_TYPE = YES_ERROR;
				GCC_WARN_UNDECLARED_SELECTOR = YES;
				GCC_WARN_UNINITIALIZED_AUTOS = YES_AGGRESSIVE;
				GCC_WARN_UNUSED_FUNCTION = YES;
				GCC_WARN_UNUSED_VARIABLE = YES;
				IPHONEOS_DEPLOYMENT_TARGET = 10.2;
				MTL_ENABLE_DEBUG_INFO = NO;
				SDKROOT = iphoneos;
				SWIFT_OPTIMIZATION_LEVEL = "-Owholemodule";
				VALIDATE_PRODUCT = YES;
			};
			name = Release;
		};
		8A46F3261E9BBA0900030475 /* Debug */ = {
			isa = XCBuildConfiguration;
			buildSettings = {
				ASSETCATALOG_COMPILER_APPICON_NAME = AppIcon;
				DEVELOPMENT_TEAM = BMP99N9345;
				INFOPLIST_FILE = RBHenshin/Info.plist;
				IPHONEOS_DEPLOYMENT_TARGET = 8.0;
				LD_RUNPATH_SEARCH_PATHS = "$(inherited) @executable_path/Frameworks";
				PRODUCT_BUNDLE_IDENTIFIER = Robert.RBHenshin;
				PRODUCT_NAME = "$(TARGET_NAME)";
				SWIFT_VERSION = 3.0;
			};
			name = Debug;
		};
		8A46F3271E9BBA0900030475 /* Release */ = {
			isa = XCBuildConfiguration;
			buildSettings = {
				ASSETCATALOG_COMPILER_APPICON_NAME = AppIcon;
				DEVELOPMENT_TEAM = BMP99N9345;
				INFOPLIST_FILE = RBHenshin/Info.plist;
				IPHONEOS_DEPLOYMENT_TARGET = 8.0;
				LD_RUNPATH_SEARCH_PATHS = "$(inherited) @executable_path/Frameworks";
				PRODUCT_BUNDLE_IDENTIFIER = Robert.RBHenshin;
				PRODUCT_NAME = "$(TARGET_NAME)";
				SWIFT_VERSION = 3.0;
			};
			name = Release;
		};
		8A46F3291E9BBA0900030475 /* Debug */ = {
			isa = XCBuildConfiguration;
			buildSettings = {
				ALWAYS_EMBED_SWIFT_STANDARD_LIBRARIES = YES;
				BUNDLE_LOADER = "$(TEST_HOST)";
				DEVELOPMENT_TEAM = BMP99N9345;
				INFOPLIST_FILE = RBHenshinTests/Info.plist;
				LD_RUNPATH_SEARCH_PATHS = "$(inherited) @executable_path/Frameworks @loader_path/Frameworks";
				PRODUCT_BUNDLE_IDENTIFIER = Robert.RBHenshinTests;
				PRODUCT_NAME = "$(TARGET_NAME)";
				SWIFT_VERSION = 3.0;
				TEST_HOST = "$(BUILT_PRODUCTS_DIR)/RBHenshin.app/RBHenshin";
			};
			name = Debug;
		};
		8A46F32A1E9BBA0900030475 /* Release */ = {
			isa = XCBuildConfiguration;
			buildSettings = {
				ALWAYS_EMBED_SWIFT_STANDARD_LIBRARIES = YES;
				BUNDLE_LOADER = "$(TEST_HOST)";
				DEVELOPMENT_TEAM = BMP99N9345;
				INFOPLIST_FILE = RBHenshinTests/Info.plist;
				LD_RUNPATH_SEARCH_PATHS = "$(inherited) @executable_path/Frameworks @loader_path/Frameworks";
				PRODUCT_BUNDLE_IDENTIFIER = Robert.RBHenshinTests;
				PRODUCT_NAME = "$(TARGET_NAME)";
				SWIFT_VERSION = 3.0;
				TEST_HOST = "$(BUILT_PRODUCTS_DIR)/RBHenshin.app/RBHenshin";
			};
			name = Release;
		};
/* End XCBuildConfiguration section */

/* Begin XCConfigurationList section */
		8A46F3031E9BBA0800030475 /* Build configuration list for PBXProject "RBHenshin" */ = {
			isa = XCConfigurationList;
			buildConfigurations = (
				8A46F3231E9BBA0900030475 /* Debug */,
				8A46F3241E9BBA0900030475 /* Release */,
			);
			defaultConfigurationIsVisible = 0;
			defaultConfigurationName = Release;
		};
		8A46F3251E9BBA0900030475 /* Build configuration list for PBXNativeTarget "RBHenshin" */ = {
			isa = XCConfigurationList;
			buildConfigurations = (
				8A46F3261E9BBA0900030475 /* Debug */,
				8A46F3271E9BBA0900030475 /* Release */,
			);
			defaultConfigurationIsVisible = 0;
			defaultConfigurationName = Release;
		};
		8A46F3281E9BBA0900030475 /* Build configuration list for PBXNativeTarget "RBHenshinTests" */ = {
			isa = XCConfigurationList;
			buildConfigurations = (
				8A46F3291E9BBA0900030475 /* Debug */,
				8A46F32A1E9BBA0900030475 /* Release */,
			);
			defaultConfigurationIsVisible = 0;
			defaultConfigurationName = Release;
		};
/* End XCConfigurationList section */
	};
	rootObject = 8A46F3001E9BBA0800030475 /* Project object */;
}
